// !$*UTF8*$!
{
	archiveVersion = 1;
	classes = {
	};
	objectVersion = 46;
	objects = {

/* Begin PBXBuildFile section */
		4C5798CE198D91CE004797BF /* Foundation.framework in Frameworks */ = {isa = PBXBuildFile; fileRef = 4C5798CD198D91CE004797BF /* Foundation.framework */; };
		4C5798D0198D91CE004797BF /* CoreGraphics.framework in Frameworks */ = {isa = PBXBuildFile; fileRef = 4C5798CF198D91CE004797BF /* CoreGraphics.framework */; };
		4C5798D2198D91CE004797BF /* UIKit.framework in Frameworks */ = {isa = PBXBuildFile; fileRef = 4C5798D1198D91CE004797BF /* UIKit.framework */; };
		4C5798D8198D91CE004797BF /* InfoPlist.strings in Resources */ = {isa = PBXBuildFile; fileRef = 4C5798D6198D91CE004797BF /* InfoPlist.strings */; };
		4C5798DA198D91CE004797BF /* main.m in Sources */ = {isa = PBXBuildFile; fileRef = 4C5798D9198D91CE004797BF /* main.m */; };
		4C5798DE198D91CE004797BF /* AppDelegate.m in Sources */ = {isa = PBXBuildFile; fileRef = 4C5798DD198D91CE004797BF /* AppDelegate.m */; };
		4C5798E1198D91CE004797BF /* Main.storyboard in Resources */ = {isa = PBXBuildFile; fileRef = 4C5798DF198D91CE004797BF /* Main.storyboard */; };
		4C5798E4198D91CE004797BF /* ViewController.m in Sources */ = {isa = PBXBuildFile; fileRef = 4C5798E3198D91CE004797BF /* ViewController.m */; };
		4C5798E6198D91CE004797BF /* Images.xcassets in Resources */ = {isa = PBXBuildFile; fileRef = 4C5798E5198D91CE004797BF /* Images.xcassets */; };
		4C5798ED198D91CE004797BF /* XCTest.framework in Frameworks */ = {isa = PBXBuildFile; fileRef = 4C5798EC198D91CE004797BF /* XCTest.framework */; };
		4C5798EE198D91CE004797BF /* Foundation.framework in Frameworks */ = {isa = PBXBuildFile; fileRef = 4C5798CD198D91CE004797BF /* Foundation.framework */; };
		4C5798EF198D91CE004797BF /* UIKit.framework in Frameworks */ = {isa = PBXBuildFile; fileRef = 4C5798D1198D91CE004797BF /* UIKit.framework */; };
		4C5798F7198D91CE004797BF /* InfoPlist.strings in Resources */ = {isa = PBXBuildFile; fileRef = 4C5798F5198D91CE004797BF /* InfoPlist.strings */; };
		4C5798F9198D91CE004797BF /* dumblockTests.m in Sources */ = {isa = PBXBuildFile; fileRef = 4C5798F8198D91CE004797BF /* dumblockTests.m */; };
/* End PBXBuildFile section */

/* Begin PBXContainerItemProxy section */
		4C5798F0198D91CE004797BF /* PBXContainerItemProxy */ = {
			isa = PBXContainerItemProxy;
			containerPortal = 4C5798C2198D91CE004797BF /* Project object */;
			proxyType = 1;
			remoteGlobalIDString = 4C5798C9198D91CE004797BF;
			remoteInfo = dumblock;
		};
/* End PBXContainerItemProxy section */

/* Begin PBXFileReference section */
		4C5798CA198D91CE004797BF /* dumblock.app */ = {isa = PBXFileReference; explicitFileType = wrapper.application; includeInIndex = 0; path = dumblock.app; sourceTree = BUILT_PRODUCTS_DIR; };
		4C5798CD198D91CE004797BF /* Foundation.framework */ = {isa = PBXFileReference; lastKnownFileType = wrapper.framework; name = Foundation.framework; path = System/Library/Frameworks/Foundation.framework; sourceTree = SDKROOT; };
		4C5798CF198D91CE004797BF /* CoreGraphics.framework */ = {isa = PBXFileReference; lastKnownFileType = wrapper.framework; name = CoreGraphics.framework; path = System/Library/Frameworks/CoreGraphics.framework; sourceTree = SDKROOT; };
		4C5798D1198D91CE004797BF /* UIKit.framework */ = {isa = PBXFileReference; lastKnownFileType = wrapper.framework; name = UIKit.framework; path = System/Library/Frameworks/UIKit.framework; sourceTree = SDKROOT; };
		4C5798D5198D91CE004797BF /* dumblock-Info.plist */ = {isa = PBXFileReference; lastKnownFileType = text.plist.xml; path = "dumblock-Info.plist"; sourceTree = "<group>"; };
		4C5798D7198D91CE004797BF /* en */ = {isa = PBXFileReference; lastKnownFileType = text.plist.strings; name = en; path = en.lproj/InfoPlist.strings; sourceTree = "<group>"; };
		4C5798D9198D91CE004797BF /* main.m */ = {isa = PBXFileReference; lastKnownFileType = sourcecode.c.objc; path = main.m; sourceTree = "<group>"; };
		4C5798DB198D91CE004797BF /* dumblock-Prefix.pch */ = {isa = PBXFileReference; lastKnownFileType = sourcecode.c.h; path = "dumblock-Prefix.pch"; sourceTree = "<group>"; };
		4C5798DC198D91CE004797BF /* AppDelegate.h */ = {isa = PBXFileReference; lastKnownFileType = sourcecode.c.h; path = AppDelegate.h; sourceTree = "<group>"; };
		4C5798DD198D91CE004797BF /* AppDelegate.m */ = {isa = PBXFileReference; lastKnownFileType = sourcecode.c.objc; path = AppDelegate.m; sourceTree = "<group>"; };
		4C5798E0198D91CE004797BF /* Base */ = {isa = PBXFileReference; lastKnownFileType = file.storyboard; name = Base; path = Base.lproj/Main.storyboard; sourceTree = "<group>"; };
		4C5798E2198D91CE004797BF /* ViewController.h */ = {isa = PBXFileReference; lastKnownFileType = sourcecode.c.h; path = ViewController.h; sourceTree = "<group>"; };
		4C5798E3198D91CE004797BF /* ViewController.m */ = {isa = PBXFileReference; lastKnownFileType = sourcecode.c.objc; path = ViewController.m; sourceTree = "<group>"; };
		4C5798E5198D91CE004797BF /* Images.xcassets */ = {isa = PBXFileReference; lastKnownFileType = folder.assetcatalog; path = Images.xcassets; sourceTree = "<group>"; };
		4C5798EB198D91CE004797BF /* dumblockTests.xctest */ = {isa = PBXFileReference; explicitFileType = wrapper.cfbundle; includeInIndex = 0; path = dumblockTests.xctest; sourceTree = BUILT_PRODUCTS_DIR; };
		4C5798EC198D91CE004797BF /* XCTest.framework */ = {isa = PBXFileReference; lastKnownFileType = wrapper.framework; name = XCTest.framework; path = Library/Frameworks/XCTest.framework; sourceTree = DEVELOPER_DIR; };
		4C5798F4198D91CE004797BF /* dumblockTests-Info.plist */ = {isa = PBXFileReference; lastKnownFileType = text.plist.xml; path = "dumblockTests-Info.plist"; sourceTree = "<group>"; };
		4C5798F6198D91CE004797BF /* en */ = {isa = PBXFileReference; lastKnownFileType = text.plist.strings; name = en; path = en.lproj/InfoPlist.strings; sourceTree = "<group>"; };
		4C5798F8198D91CE004797BF /* dumblockTests.m */ = {isa = PBXFileReference; lastKnownFileType = sourcecode.c.objc; path = dumblockTests.m; sourceTree = "<group>"; };
/* End PBXFileReference section */

/* Begin PBXFrameworksBuildPhase section */
		4C5798C7198D91CE004797BF /* Frameworks */ = {
			isa = PBXFrameworksBuildPhase;
			buildActionMask = 2147483647;
			files = (
				4C5798D0198D91CE004797BF /* CoreGraphics.framework in Frameworks */,
				4C5798D2198D91CE004797BF /* UIKit.framework in Frameworks */,
				4C5798CE198D91CE004797BF /* Foundation.framework in Frameworks */,
			);
			runOnlyForDeploymentPostprocessing = 0;
		};
		4C5798E8198D91CE004797BF /* Frameworks */ = {
			isa = PBXFrameworksBuildPhase;
			buildActionMask = 2147483647;
			files = (
				4C5798ED198D91CE004797BF /* XCTest.framework in Frameworks */,
				4C5798EF198D91CE004797BF /* UIKit.framework in Frameworks */,
				4C5798EE198D91CE004797BF /* Foundation.framework in Frameworks */,
			);
			runOnlyForDeploymentPostprocessing = 0;
		};
/* End PBXFrameworksBuildPhase section */

/* Begin PBXGroup section */
		4C5798C1198D91CE004797BF = {
			isa = PBXGroup;
			children = (
				4C5798D3198D91CE004797BF /* dumblock */,
				4C5798F2198D91CE004797BF /* dumblockTests */,
				4C5798CC198D91CE004797BF /* Frameworks */,
				4C5798CB198D91CE004797BF /* Products */,
			);
			sourceTree = "<group>";
		};
		4C5798CB198D91CE004797BF /* Products */ = {
			isa = PBXGroup;
			children = (
				4C5798CA198D91CE004797BF /* dumblock.app */,
				4C5798EB198D91CE004797BF /* dumblockTests.xctest */,
			);
			name = Products;
			sourceTree = "<group>";
		};
		4C5798CC198D91CE004797BF /* Frameworks */ = {
			isa = PBXGroup;
			children = (
				4C5798CD198D91CE004797BF /* Foundation.framework */,
				4C5798CF198D91CE004797BF /* CoreGraphics.framework */,
				4C5798D1198D91CE004797BF /* UIKit.framework */,
				4C5798EC198D91CE004797BF /* XCTest.framework */,
			);
			name = Frameworks;
			sourceTree = "<group>";
		};
		4C5798D3198D91CE004797BF /* dumblock */ = {
			isa = PBXGroup;
			children = (
				4C5798DC198D91CE004797BF /* AppDelegate.h */,
				4C5798DD198D91CE004797BF /* AppDelegate.m */,
				4C5798DF198D91CE004797BF /* Main.storyboard */,
				4C5798E2198D91CE004797BF /* ViewController.h */,
				4C5798E3198D91CE004797BF /* ViewController.m */,
				4C5798E5198D91CE004797BF /* Images.xcassets */,
				4C5798D4198D91CE004797BF /* Supporting Files */,
			);
			path = dumblock;
			sourceTree = "<group>";
		};
		4C5798D4198D91CE004797BF /* Supporting Files */ = {
			isa = PBXGroup;
			children = (
				4C5798D5198D91CE004797BF /* dumblock-Info.plist */,
				4C5798D6198D91CE004797BF /* InfoPlist.strings */,
				4C5798D9198D91CE004797BF /* main.m */,
				4C5798DB198D91CE004797BF /* dumblock-Prefix.pch */,
			);
			name = "Supporting Files";
			sourceTree = "<group>";
		};
		4C5798F2198D91CE004797BF /* dumblockTests */ = {
			isa = PBXGroup;
			children = (
				4C5798F8198D91CE004797BF /* dumblockTests.m */,
				4C5798F3198D91CE004797BF /* Supporting Files */,
			);
			path = dumblockTests;
			sourceTree = "<group>";
		};
		4C5798F3198D91CE004797BF /* Supporting Files */ = {
			isa = PBXGroup;
			children = (
				4C5798F4198D91CE004797BF /* dumblockTests-Info.plist */,
				4C5798F5198D91CE004797BF /* InfoPlist.strings */,
			);
			name = "Supporting Files";
			sourceTree = "<group>";
		};
/* End PBXGroup section */

/* Begin PBXNativeTarget section */
		4C5798C9198D91CE004797BF /* dumblock */ = {
			isa = PBXNativeTarget;
			buildConfigurationList = 4C5798FC198D91CE004797BF /* Build configuration list for PBXNativeTarget "dumblock" */;
			buildPhases = (
				4C5798C6198D91CE004797BF /* Sources */,
				4C5798C7198D91CE004797BF /* Frameworks */,
				4C5798C8198D91CE004797BF /* Resources */,
			);
			buildRules = (
			);
			dependencies = (
			);
			name = dumblock;
			productName = dumblock;
			productReference = 4C5798CA198D91CE004797BF /* dumblock.app */;
			productType = "com.apple.product-type.application";
		};
		4C5798EA198D91CE004797BF /* dumblockTests */ = {
			isa = PBXNativeTarget;
			buildConfigurationList = 4C5798FF198D91CE004797BF /* Build configuration list for PBXNativeTarget "dumblockTests" */;
			buildPhases = (
				4C5798E7198D91CE004797BF /* Sources */,
				4C5798E8198D91CE004797BF /* Frameworks */,
				4C5798E9198D91CE004797BF /* Resources */,
			);
			buildRules = (
			);
			dependencies = (
				4C5798F1198D91CE004797BF /* PBXTargetDependency */,
			);
			name = dumblockTests;
			productName = dumblockTests;
			productReference = 4C5798EB198D91CE004797BF /* dumblockTests.xctest */;
			productType = "com.apple.product-type.bundle.unit-test";
		};
/* End PBXNativeTarget section */

/* Begin PBXProject section */
		4C5798C2198D91CE004797BF /* Project object */ = {
			isa = PBXProject;
			attributes = {
				LastUpgradeCheck = 0510;
				ORGANIZATIONNAME = "Jessica Kwok";
				TargetAttributes = {
					4C5798EA198D91CE004797BF = {
						TestTargetID = 4C5798C9198D91CE004797BF;
					};
				};
			};
			buildConfigurationList = 4C5798C5198D91CE004797BF /* Build configuration list for PBXProject "dumblock" */;
			compatibilityVersion = "Xcode 3.2";
			developmentRegion = English;
			hasScannedForEncodings = 0;
			knownRegions = (
				en,
				Base,
			);
			mainGroup = 4C5798C1198D91CE004797BF;
			productRefGroup = 4C5798CB198D91CE004797BF /* Products */;
			projectDirPath = "";
			projectRoot = "";
			targets = (
				4C5798C9198D91CE004797BF /* dumblock */,
				4C5798EA198D91CE004797BF /* dumblockTests */,
			);
		};
/* End PBXProject section */

/* Begin PBXResourcesBuildPhase section */
		4C5798C8198D91CE004797BF /* Resources */ = {
			isa = PBXResourcesBuildPhase;
			buildActionMask = 2147483647;
			files = (
				4C5798E6198D91CE004797BF /* Images.xcassets in Resources */,
				4C5798D8198D91CE004797BF /* InfoPlist.strings in Resources */,
				4C5798E1198D91CE004797BF /* Main.storyboard in Resources */,
			);
			runOnlyForDeploymentPostprocessing = 0;
		};
		4C5798E9198D91CE004797BF /* Resources */ = {
			isa = PBXResourcesBuildPhase;
			buildActionMask = 2147483647;
			files = (
				4C5798F7198D91CE004797BF /* InfoPlist.strings in Resources */,
			);
			runOnlyForDeploymentPostprocessing = 0;
		};
/* End PBXResourcesBuildPhase section */

/* Begin PBXSourcesBuildPhase section */
		4C5798C6198D91CE004797BF /* Sources */ = {
			isa = PBXSourcesBuildPhase;
			buildActionMask = 2147483647;
			files = (
				4C5798E4198D91CE004797BF /* ViewController.m in Sources */,
				4C5798DE198D91CE004797BF /* AppDelegate.m in Sources */,
				4C5798DA198D91CE004797BF /* main.m in Sources */,
			);
			runOnlyForDeploymentPostprocessing = 0;
		};
		4C5798E7198D91CE004797BF /* Sources */ = {
			isa = PBXSourcesBuildPhase;
			buildActionMask = 2147483647;
			files = (
				4C5798F9198D91CE004797BF /* dumblockTests.m in Sources */,
			);
			runOnlyForDeploymentPostprocessing = 0;
		};
/* End PBXSourcesBuildPhase section */

/* Begin PBXTargetDependency section */
		4C5798F1198D91CE004797BF /* PBXTargetDependency */ = {
			isa = PBXTargetDependency;
			target = 4C5798C9198D91CE004797BF /* dumblock */;
			targetProxy = 4C5798F0198D91CE004797BF /* PBXContainerItemProxy */;
		};
/* End PBXTargetDependency section */

/* Begin PBXVariantGroup section */
		4C5798D6198D91CE004797BF /* InfoPlist.strings */ = {
			isa = PBXVariantGroup;
			children = (
				4C5798D7198D91CE004797BF /* en */,
			);
			name = InfoPlist.strings;
			sourceTree = "<group>";
		};
		4C5798DF198D91CE004797BF /* Main.storyboard */ = {
			isa = PBXVariantGroup;
			children = (
				4C5798E0198D91CE004797BF /* Base */,
			);
			name = Main.storyboard;
			sourceTree = "<group>";
		};
		4C5798F5198D91CE004797BF /* InfoPlist.strings */ = {
			isa = PBXVariantGroup;
			children = (
				4C5798F6198D91CE004797BF /* en */,
			);
			name = InfoPlist.strings;
			sourceTree = "<group>";
		};
/* End PBXVariantGroup section */

/* Begin XCBuildConfiguration section */
		4C5798FA198D91CE004797BF /* Debug */ = {
			isa = XCBuildConfiguration;
			buildSettings = {
				ALWAYS_SEARCH_USER_PATHS = NO;
				CLANG_CXX_LANGUAGE_STANDARD = "gnu++0x";
				CLANG_CXX_LIBRARY = "libc++";
				CLANG_ENABLE_MODULES = YES;
				CLANG_ENABLE_OBJC_ARC = YES;
				CLANG_WARN_BOOL_CONVERSION = YES;
				CLANG_WARN_CONSTANT_CONVERSION = YES;
				CLANG_WARN_DIRECT_OBJC_ISA_USAGE = YES_ERROR;
				CLANG_WARN_EMPTY_BODY = YES;
				CLANG_WARN_ENUM_CONVERSION = YES;
				CLANG_WARN_INT_CONVERSION = YES;
				CLANG_WARN_OBJC_ROOT_CLASS = YES_ERROR;
				CLANG_WARN__DUPLICATE_METHOD_MATCH = YES;
				"CODE_SIGN_IDENTITY[sdk=iphoneos*]" = "iPhone Developer";
				COPY_PHASE_STRIP = NO;
				GCC_C_LANGUAGE_STANDARD = gnu99;
				GCC_DYNAMIC_NO_PIC = NO;
				GCC_OPTIMIZATION_LEVEL = 0;
				GCC_PREPROCESSOR_DEFINITIONS = (
					"DEBUG=1",
					"$(inherited)",
				);
				GCC_SYMBOLS_PRIVATE_EXTERN = NO;
				GCC_WARN_64_TO_32_BIT_CONVERSION = YES;
				GCC_WARN_ABOUT_RETURN_TYPE = YES_ERROR;
				GCC_WARN_UNDECLARED_SELECTOR = YES;
				GCC_WARN_UNINITIALIZED_AUTOS = YES_AGGRESSIVE;
				GCC_WARN_UNUSED_FUNCTION = YES;
				GCC_WARN_UNUSED_VARIABLE = YES;
				IPHONEOS_DEPLOYMENT_TARGET = 7.1;
				ONLY_ACTIVE_ARCH = YES;
				SDKROOT = iphoneos;
			};
			name = Debug;
		};
		4C5798FB198D91CE004797BF /* Release */ = {
			isa = XCBuildConfiguration;
			buildSettings = {
				ALWAYS_SEARCH_USER_PATHS = NO;
				CLANG_CXX_LANGUAGE_STANDARD = "gnu++0x";
				CLANG_CXX_LIBRARY = "libc++";
				CLANG_ENABLE_MODULES = YES;
				CLANG_ENABLE_OBJC_ARC = YES;
				CLANG_WARN_BOOL_CONVERSION = YES;
				CLANG_WARN_CONSTANT_CONVERSION = YES;
				CLANG_WARN_DIRECT_OBJC_ISA_USAGE = YES_ERROR;
				CLANG_WARN_EMPTY_BODY = YES;
				CLANG_WARN_ENUM_CONVERSION = YES;
				CLANG_WARN_INT_CONVERSION = YES;
				CLANG_WARN_OBJC_ROOT_CLASS = YES_ERROR;
				CLANG_WARN__DUPLICATE_METHOD_MATCH = YES;
				"CODE_SIGN_IDENTITY[sdk=iphoneos*]" = "iPhone Developer";
				COPY_PHASE_STRIP = YES;
				ENABLE_NS_ASSERTIONS = NO;
				GCC_C_LANGUAGE_STANDARD = gnu99;
				GCC_WARN_64_TO_32_BIT_CONVERSION = YES;
				GCC_WARN_ABOUT_RETURN_TYPE = YES_ERROR;
				GCC_WARN_UNDECLARED_SELECTOR = YES;
				GCC_WARN_UNINITIALIZED_AUTOS = YES_AGGRESSIVE;
				GCC_WARN_UNUSED_FUNCTION = YES;
				GCC_WARN_UNUSED_VARIABLE = YES;
				IPHONEOS_DEPLOYMENT_TARGET = 7.1;
				SDKROOT = iphoneos;
				VALIDATE_PRODUCT = YES;
			};
			name = Release;
		};
		4C5798FD198D91CE004797BF /* Debug */ = {
			isa = XCBuildConfiguration;
			buildSettings = {
				ASSETCATALOG_COMPILER_APPICON_NAME = AppIcon;
				ASSETCATALOG_COMPILER_LAUNCHIMAGE_NAME = LaunchImage;
				GCC_PRECOMPILE_PREFIX_HEADER = YES;
				GCC_PREFIX_HEADER = "dumblock/dumblock-Prefix.pch";
				INFOPLIST_FILE = "dumblock/dumblock-Info.plist";
				PRODUCT_NAME = "$(TARGET_NAME)";
				WRAPPER_EXTENSION = app;
			};
			name = Debug;
		};
		4C5798FE198D91CE004797BF /* Release */ = {
			isa = XCBuildConfiguration;
			buildSettings = {
				ASSETCATALOG_COMPILER_APPICON_NAME = AppIcon;
				ASSETCATALOG_COMPILER_LAUNCHIMAGE_NAME = LaunchImage;
				GCC_PRECOMPILE_PREFIX_HEADER = YES;
				GCC_PREFIX_HEADER = "dumblock/dumblock-Prefix.pch";
				INFOPLIST_FILE = "dumblock/dumblock-Info.plist";
				PRODUCT_NAME = "$(TARGET_NAME)";
				WRAPPER_EXTENSION = app;
			};
			name = Release;
		};
		4C579900198D91CE004797BF /* Debug */ = {
			isa = XCBuildConfiguration;
			buildSettings = {
				BUNDLE_LOADER = "$(BUILT_PRODUCTS_DIR)/dumblock.app/dumblock";
				FRAMEWORK_SEARCH_PATHS = (
					"$(SDKROOT)/Developer/Library/Frameworks",
					"$(inherited)",
					"$(DEVELOPER_FRAMEWORKS_DIR)",
				);
				GCC_PRECOMPILE_PREFIX_HEADER = YES;
				GCC_PREFIX_HEADER = "dumblock/dumblock-Prefix.pch";
				GCC_PREPROCESSOR_DEFINITIONS = (
					"DEBUG=1",
					"$(inherited)",
				);
				INFOPLIST_FILE = "dumblockTests/dumblockTests-Info.plist";
				PRODUCT_NAME = "$(TARGET_NAME)";
				TEST_HOST = "$(BUNDLE_LOADER)";
				WRAPPER_EXTENSION = xctest;
			};
			name = Debug;
		};
		4C579901198D91CE004797BF /* Release */ = {
			isa = XCBuildConfiguration;
			buildSettings = {
				BUNDLE_LOADER = "$(BUILT_PRODUCTS_DIR)/dumblock.app/dumblock";
				FRAMEWORK_SEARCH_PATHS = (
					"$(SDKROOT)/Developer/Library/Frameworks",
					"$(inherited)",
					"$(DEVELOPER_FRAMEWORKS_DIR)",
				);
				GCC_PRECOMPILE_PREFIX_HEADER = YES;
				GCC_PREFIX_HEADER = "dumblock/dumblock-Prefix.pch";
				INFOPLIST_FILE = "dumblockTests/dumblockTests-Info.plist";
				PRODUCT_NAME = "$(TARGET_NAME)";
				TEST_HOST = "$(BUNDLE_LOADER)";
				WRAPPER_EXTENSION = xctest;
			};
			name = Release;
		};
/* End XCBuildConfiguration section */

/* Begin XCConfigurationList section */
		4C5798C5198D91CE004797BF /* Build configuration list for PBXProject "dumblock" */ = {
			isa = XCConfigurationList;
			buildConfigurations = (
				4C5798FA198D91CE004797BF /* Debug */,
				4C5798FB198D91CE004797BF /* Release */,
			);
			defaultConfigurationIsVisible = 0;
			defaultConfigurationName = Release;
		};
		4C5798FC198D91CE004797BF /* Build configuration list for PBXNativeTarget "dumblock" */ = {
			isa = XCConfigurationList;
			buildConfigurations = (
				4C5798FD198D91CE004797BF /* Debug */,
				4C5798FE198D91CE004797BF /* Release */,
			);
			defaultConfigurationIsVisible = 0;
		};
		4C5798FF198D91CE004797BF /* Build configuration list for PBXNativeTarget "dumblockTests" */ = {
			isa = XCConfigurationList;
			buildConfigurations = (
				4C579900198D91CE004797BF /* Debug */,
				4C579901198D91CE004797BF /* Release */,
			);
			defaultConfigurationIsVisible = 0;
		};
/* End XCConfigurationList section */
	};
	rootObject = 4C5798C2198D91CE004797BF /* Project object */;
}
